Microsoft Visual Studio Solution File, Format Version 12.00
# Visual Studio Version 18
VisualStudioVersion = 18.7.11911.148 stable
MinimumVisualStudioVersion = 10.0.40219.1
Project("{FAE04EC0-301F-11D3-BF4B-00C04F79EFBC}") = "HotelBooking", "HotelBooking.csproj", "{885AD3AB-2159-D8C1-E75C-729395E8EF3A}"
EndProject
Global
	GlobalSection(SolutionConfigurationPlatforms) = preSolution
		Debug|Any CPU = Debug|Any CPU
		Release|Any CPU = Release|Any CPU
	EndGlobalSection
	GlobalSection(ProjectConfigurationPlatforms) = postSolution
		{885AD3AB-2159-D8C1-E75C-729395E8EF3A}.Debug|Any CPU.ActiveCfg = Debug|Any CPU
		{885AD3AB-2159-D8C1-E75C-729395E8EF3A}.Debug|Any CPU.Build.0 = Debug|Any CPU
		{885AD3AB-2159-D8C1-E75C-729395E8EF3A}.Release|Any CPU.ActiveCfg = Release|Any CPU
		{885AD3AB-2159-D8C1-E75C-729395E8EF3A}.Release|Any CPU.Build.0 = Release|Any CPU
	EndGlobalSection
	GlobalSection(SolutionProperties) = preSolution
		HideSolutionNode = FALSE
	EndGlobalSection
	GlobalSection(ExtensibilityGlobals) = postSolution
		SolutionGuid = {757297A2-6AF9-4754-951A-67C3613704BA}
	EndGlobalSection
EndGlobal
